<?xml version="1.0" encoding="utf-8"?>
<Project ToolsVersion="4.0" xmlns="http://schemas.microsoft.com/developer/msbuild/2003">
  <ItemGroup>
    <Filter Include="Pliki źródłowe">
      <UniqueIdentifier>{4FC737F1-C7A5-4376-A066-2A32D752A2FF}</UniqueIdentifier>
      <Extensions>cpp;c;cc;cxx;c++;cppm;ixx;def;odl;idl;hpj;bat;asm;asmx</Extensions>
    </Filter>
    <Filter Include="Pliki nagłówkowe">
      <UniqueIdentifier>{93995380-89BD-4b04-88EB-625FBE52EBFB}</UniqueIdentifier>
      <Extensions>h;hh;hpp;hxx;h++;hm;inl;inc;ipp;xsd</Extensions>
    </Filter>
    <Filter Include="Pliki zasobów">
      <UniqueIdentifier>{67DA6AB6-F800-4c08-8B7A-83BB121AAD01}</UniqueIdentifier>
      <Extensions>rc;ico;cur;bmp;dlg;rc2;rct;bin;rgs;gif;jpg;jpeg;jpe;resx;tiff;tif;png;wav;mfcribbon-ms</Extensions>
    </Filter>
    <Filter Include="Pliki nagłówkowe\gui">
      <UniqueIdentifier>{e65380fc-e04d-4f15-9120-3bb0b14f1673}</UniqueIdentifier>
    </Filter>
    <Filter Include="Pliki źródłowe\gui">
      <UniqueIdentifier>{b118773d-2e3a-40d2-b4cd-98bf038801f1}</UniqueIdentifier>
    </Filter>
    <Filter Include="Pliki źródłowe\gui\imgui">
      <UniqueIdentifier>{b4ce7072-6ce6-42f3-ae06-170516d5a631}</UniqueIdentifier>
    </Filter>
    <Filter Include="Pliki źródłowe\gui\screen">
      <UniqueIdentifier>{4030e3b8-eac4-4efa-b61e-432bdfd1aa98}</UniqueIdentifier>
    </Filter>
    <Filter Include="Pliki źródłowe\gui\popup">
      <UniqueIdentifier>{5b2c6b61-fb30-46c5-85af-725a4c4e2c51}</UniqueIdentifier>
    </Filter>
    <Filter Include="Pliki nagłówkowe\model">
      <UniqueIdentifier>{56309f98-59d3-4362-b201-5364d33bad38}</UniqueIdentifier>
    </Filter>
    <Filter Include="Pliki źródłowe\model">
      <UniqueIdentifier>{af5f4b77-51b3-41a0-86cd-347f35409561}</UniqueIdentifier>
    </Filter>
  </ItemGroup>
  <ItemGroup>
    <ClCompile Include="main.cpp">
      <Filter>Pliki źródłowe</Filter>
    </ClCompile>
    <ClCompile Include="..\..\..\..\..\..\imgui\imgui.cpp">
      <Filter>Pliki źródłowe\gui\imgui</Filter>
    </ClCompile>
    <ClCompile Include="..\..\..\..\..\..\imgui\imgui_demo.cpp">
      <Filter>Pliki źródłowe\gui\imgui</Filter>
    </ClCompile>
    <ClCompile Include="..\..\..\..\..\..\imgui\imgui_draw.cpp">
      <Filter>Pliki źródłowe\gui\imgui</Filter>
    </ClCompile>
    <ClCompile Include="..\..\..\..\..\..\imgui\imgui_tables.cpp">
      <Filter>Pliki źródłowe\gui\imgui</Filter>
    </ClCompile>
    <ClCompile Include="..\..\..\..\..\..\imgui\imgui_widgets.cpp">
      <Filter>Pliki źródłowe\gui\imgui</Filter>
    </ClCompile>
    <ClCompile Include="..\..\..\..\..\..\imgui\backends\imgui_impl_glfw.cpp">
      <Filter>Pliki źródłowe\gui\imgui</Filter>
    </ClCompile>
    <ClCompile Include="..\..\..\..\..\..\imgui\backends\imgui_impl_opengl3.cpp">
      <Filter>Pliki źródłowe\gui\imgui</Filter>
    </ClCompile>
    <ClCompile Include="..\..\..\..\..\..\GLWF\glad.c">
      <Filter>Pliki źródłowe</Filter>
    </ClCompile>
    <ClCompile Include="application.cpp">
      <Filter>Pliki źródłowe</Filter>
    </ClCompile>
    <ClCompile Include="guiRenderer.cpp">
      <Filter>Pliki źródłowe\gui</Filter>
    </ClCompile>
    <ClCompile Include="guiUtils.cpp">
      <Filter>Pliki źródłowe\gui</Filter>
    </ClCompile>
    <ClCompile Include="bookScreen.cpp">
      <Filter>Pliki źródłowe\gui\screen</Filter>
    </ClCompile>
    <ClCompile Include="libraryScreen.cpp">
      <Filter>Pliki źródłowe\gui\screen</Filter>
    </ClCompile>
    <ClCompile Include="screen.cpp">
      <Filter>Pliki źródłowe\gui\screen</Filter>
    </ClCompile>
    <ClCompile Include="shelfScreen.cpp">
      <Filter>Pliki źródłowe\gui\screen</Filter>
    </ClCompile>
    <ClCompile Include="popup.cpp">
      <Filter>Pliki źródłowe\gui\popup</Filter>
    </ClCompile>
    <ClCompile Include="confirmationPopup.cpp">
      <Filter>Pliki źródłowe\gui\popup</Filter>
    </ClCompile>
    <ClCompile Include="..\..\..\..\..\imgui\misc\cpp\imgui_stdlib.cpp">
      <Filter>Pliki źródłowe\gui\imgui</Filter>
    </ClCompile>
    <ClCompile Include="searchScreen.cpp">
      <Filter>Pliki źródłowe\gui\screen</Filter>
    </ClCompile>
    <ClCompile Include="fileManager.cpp">
      <Filter>Pliki źródłowe</Filter>
    </ClCompile>
    <ClCompile Include="book.cpp">
      <Filter>Pliki źródłowe\model</Filter>
    </ClCompile>
    <ClCompile Include="bookData.cpp">
      <Filter>Pliki źródłowe\model</Filter>
    </ClCompile>
    <ClCompile Include="library.cpp">
      <Filter>Pliki źródłowe\model</Filter>
    </ClCompile>
    <ClCompile Include="shelf.cpp">
      <Filter>Pliki źródłowe\model</Filter>
    </ClCompile>
  </ItemGroup>
  <ItemGroup>
    <ClInclude Include="application.h">
      <Filter>Pliki nagłówkowe</Filter>
    </ClInclude>
    <ClInclude Include="guiRenderer.h">
      <Filter>Pliki nagłówkowe\gui</Filter>
    </ClInclude>
    <ClInclude Include="screen.h">
      <Filter>Pliki nagłówkowe\gui</Filter>
    </ClInclude>
    <ClInclude Include="guiUtils.h">
      <Filter>Pliki nagłówkowe\gui</Filter>
    </ClInclude>
    <ClInclude Include="popup.h">
      <Filter>Pliki nagłówkowe\gui</Filter>
    </ClInclude>
    <ClInclude Include="fileManager.h">
      <Filter>Pliki nagłówkowe</Filter>
    </ClInclude>
    <ClInclude Include="book.h">
      <Filter>Pliki nagłówkowe\model</Filter>
    </ClInclude>
    <ClInclude Include="library.h">
      <Filter>Pliki nagłówkowe\model</Filter>
    </ClInclude>
    <ClInclude Include="shelf.h">
      <Filter>Pliki nagłówkowe\model</Filter>
    </ClInclude>
  </ItemGroup>
</Project>